Microsoft Visual Studio Solution File, Format Version 12.00
# Visual Studio 15
VisualStudioVersion = 15.0.27130.2027
MinimumVisualStudioVersion = 10.0.40219.1
Project("{FAE04EC0-301F-11D3-BF4B-00C04F79EFBC}") = "BossMandados", "BossMandados\BossMandados.csproj", "{0A10562C-CEF5-4C1E-8C18-FFF68425FE12}"
EndProject
Project("{FAE04EC0-301F-11D3-BF4B-00C04F79EFBC}") = "BossMandados.Droid", "Droid\BossMandados.Droid.csproj", "{F3F0A2B4-BB01-47BD-AB2B-E7D79793E5FE}"
EndProject
Project("{FAE04EC0-301F-11D3-BF4B-00C04F79EFBC}") = "BossMandados.iOS", "iOS\BossMandados.iOS.csproj", "{3728509F-C509-4B42-9E9D-72FB54A4CA8B}"
EndProject
Project("{9A19103F-16F7-4668-BE54-9A1E7A4F7556}") = "BossMandados.Common", "BossMandados.Common\BossMandados.Common.csproj", "{38147148-ECD9-4BA0-A196-3EAA8921D7FD}"
EndProject
Project("{FAE04EC0-301F-11D3-BF4B-00C04F79EFBC}") = "BossMandados.DataAccess", "BossMandados.DataAccess\BossMandados.DataAccess.csproj", "{534A5861-307C-40C1-BCA2-9F2398EFE338}"
EndProject
Project("{FAE04EC0-301F-11D3-BF4B-00C04F79EFBC}") = "BossMandados.CoreLogic", "BossMandados.CoreLogic\BossMandados.CoreLogic.csproj", "{ECA36C3C-DF27-4EF5-BBCA-8B7A7E7A65BF}"
EndProject
Global
	GlobalSection(SolutionConfigurationPlatforms) = preSolution
		Debug|Any CPU = Debug|Any CPU
		Debug|iPhone = Debug|iPhone
		Debug|iPhoneSimulator = Debug|iPhoneSimulator
		Release|Any CPU = Release|Any CPU
		Release|iPhone = Release|iPhone
		Release|iPhoneSimulator = Release|iPhoneSimulator
	EndGlobalSection
	GlobalSection(ProjectConfigurationPlatforms) = postSolution
		{0A10562C-CEF5-4C1E-8C18-FFF68425FE12}.Debug|Any CPU.ActiveCfg = Debug|Any CPU
		{0A10562C-CEF5-4C1E-8C18-FFF68425FE12}.Debug|Any CPU.Build.0 = Debug|Any CPU
		{0A10562C-CEF5-4C1E-8C18-FFF68425FE12}.Debug|iPhone.ActiveCfg = Debug|Any CPU
		{0A10562C-CEF5-4C1E-8C18-FFF68425FE12}.Debug|iPhone.Build.0 = Debug|Any CPU
		{0A10562C-CEF5-4C1E-8C18-FFF68425FE12}.Debug|iPhoneSimulator.ActiveCfg = Debug|Any CPU
		{0A10562C-CEF5-4C1E-8C18-FFF68425FE12}.Debug|iPhoneSimulator.Build.0 = Debug|Any CPU
		{0A10562C-CEF5-4C1E-8C18-FFF68425FE12}.Release|Any CPU.ActiveCfg = Release|Any CPU
		{0A10562C-CEF5-4C1E-8C18-FFF68425FE12}.Release|Any CPU.Build.0 = Release|Any CPU
		{0A10562C-CEF5-4C1E-8C18-FFF68425FE12}.Release|iPhone.ActiveCfg = Release|Any CPU
		{0A10562C-CEF5-4C1E-8C18-FFF68425FE12}.Release|iPhone.Build.0 = Release|Any CPU
		{0A10562C-CEF5-4C1E-8C18-FFF68425FE12}.Release|iPhoneSimulator.ActiveCfg = Release|Any CPU
		{0A10562C-CEF5-4C1E-8C18-FFF68425FE12}.Release|iPhoneSimulator.Build.0 = Release|Any CPU
		{F3F0A2B4-BB01-47BD-AB2B-E7D79793E5FE}.Debug|Any CPU.ActiveCfg = Debug|Any CPU
		{F3F0A2B4-BB01-47BD-AB2B-E7D79793E5FE}.Debug|Any CPU.Build.0 = Debug|Any CPU
		{F3F0A2B4-BB01-47BD-AB2B-E7D79793E5FE}.Debug|Any CPU.Deploy.0 = Debug|Any CPU
		{F3F0A2B4-BB01-47BD-AB2B-E7D79793E5FE}.Debug|iPhone.ActiveCfg = Debug|Any CPU
		{F3F0A2B4-BB01-47BD-AB2B-E7D79793E5FE}.Debug|iPhone.Build.0 = Debug|Any CPU
		{F3F0A2B4-BB01-47BD-AB2B-E7D79793E5FE}.Debug|iPhoneSimulator.ActiveCfg = Debug|Any CPU
		{F3F0A2B4-BB01-47BD-AB2B-E7D79793E5FE}.Debug|iPhoneSimulator.Build.0 = Debug|Any CPU
		{F3F0A2B4-BB01-47BD-AB2B-E7D79793E5FE}.Release|Any CPU.ActiveCfg = Release|Any CPU
		{F3F0A2B4-BB01-47BD-AB2B-E7D79793E5FE}.Release|Any CPU.Build.0 = Release|Any CPU
		{F3F0A2B4-BB01-47BD-AB2B-E7D79793E5FE}.Release|iPhone.ActiveCfg = Release|Any CPU
		{F3F0A2B4-BB01-47BD-AB2B-E7D79793E5FE}.Release|iPhone.Build.0 = Release|Any CPU
		{F3F0A2B4-BB01-47BD-AB2B-E7D79793E5FE}.Release|iPhoneSimulator.ActiveCfg = Release|Any CPU
		{F3F0A2B4-BB01-47BD-AB2B-E7D79793E5FE}.Release|iPhoneSimulator.Build.0 = Release|Any CPU
		{3728509F-C509-4B42-9E9D-72FB54A4CA8B}.Debug|Any CPU.ActiveCfg = Debug|iPhoneSimulator
		{3728509F-C509-4B42-9E9D-72FB54A4CA8B}.Debug|Any CPU.Build.0 = Debug|iPhoneSimulator
		{3728509F-C509-4B42-9E9D-72FB54A4CA8B}.Debug|iPhone.ActiveCfg = Debug|iPhone
		{3728509F-C509-4B42-9E9D-72FB54A4CA8B}.Debug|iPhone.Build.0 = Debug|iPhone
		{3728509F-C509-4B42-9E9D-72FB54A4CA8B}.Debug|iPhoneSimulator.ActiveCfg = Debug|iPhoneSimulator
		{3728509F-C509-4B42-9E9D-72FB54A4CA8B}.Debug|iPhoneSimulator.Build.0 = Debug|iPhoneSimulator
		{3728509F-C509-4B42-9E9D-72FB54A4CA8B}.Release|Any CPU.ActiveCfg = Release|iPhone
		{3728509F-C509-4B42-9E9D-72FB54A4CA8B}.Release|Any CPU.Build.0 = Release|iPhone
		{3728509F-C509-4B42-9E9D-72FB54A4CA8B}.Release|iPhone.ActiveCfg = Release|iPhone
		{3728509F-C509-4B42-9E9D-72FB54A4CA8B}.Release|iPhone.Build.0 = Release|iPhone
		{3728509F-C509-4B42-9E9D-72FB54A4CA8B}.Release|iPhoneSimulator.ActiveCfg = Release|iPhoneSimulator
		{3728509F-C509-4B42-9E9D-72FB54A4CA8B}.Release|iPhoneSimulator.Build.0 = Release|iPhoneSimulator
		{38147148-ECD9-4BA0-A196-3EAA8921D7FD}.Debug|Any CPU.ActiveCfg = Debug|Any CPU
		{38147148-ECD9-4BA0-A196-3EAA8921D7FD}.Debug|Any CPU.Build.0 = Debug|Any CPU
		{38147148-ECD9-4BA0-A196-3EAA8921D7FD}.Debug|iPhone.ActiveCfg = Debug|Any CPU
		{38147148-ECD9-4BA0-A196-3EAA8921D7FD}.Debug|iPhone.Build.0 = Debug|Any CPU
		{38147148-ECD9-4BA0-A196-3EAA8921D7FD}.Debug|iPhoneSimulator.ActiveCfg = Debug|Any CPU
		{38147148-ECD9-4BA0-A196-3EAA8921D7FD}.Debug|iPhoneSimulator.Build.0 = Debug|Any CPU
		{38147148-ECD9-4BA0-A196-3EAA8921D7FD}.Release|Any CPU.ActiveCfg = Release|Any CPU
		{38147148-ECD9-4BA0-A196-3EAA8921D7FD}.Release|Any CPU.Build.0 = Release|Any CPU
		{38147148-ECD9-4BA0-A196-3EAA8921D7FD}.Release|iPhone.ActiveCfg = Release|Any CPU
		{38147148-ECD9-4BA0-A196-3EAA8921D7FD}.Release|iPhone.Build.0 = Release|Any CPU
		{38147148-ECD9-4BA0-A196-3EAA8921D7FD}.Release|iPhoneSimulator.ActiveCfg = Release|Any CPU
		{38147148-ECD9-4BA0-A196-3EAA8921D7FD}.Release|iPhoneSimulator.Build.0 = Release|Any CPU
		{534A5861-307C-40C1-BCA2-9F2398EFE338}.Debug|Any CPU.ActiveCfg = Debug|Any CPU
		{534A5861-307C-40C1-BCA2-9F2398EFE338}.Debug|Any CPU.Build.0 = Debug|Any CPU
		{534A5861-307C-40C1-BCA2-9F2398EFE338}.Debug|iPhone.ActiveCfg = Debug|Any CPU
		{534A5861-307C-40C1-BCA2-9F2398EFE338}.Debug|iPhone.Build.0 = Debug|Any CPU
		{534A5861-307C-40C1-BCA2-9F2398EFE338}.Debug|iPhoneSimulator.ActiveCfg = Debug|Any CPU
		{534A5861-307C-40C1-BCA2-9F2398EFE338}.Debug|iPhoneSimulator.Build.0 = Debug|Any CPU
		{534A5861-307C-40C1-BCA2-9F2398EFE338}.Release|Any CPU.ActiveCfg = Release|Any CPU
		{534A5861-307C-40C1-BCA2-9F2398EFE338}.Release|Any CPU.Build.0 = Release|Any CPU
		{534A5861-307C-40C1-BCA2-9F2398EFE338}.Release|iPhone.ActiveCfg = Release|Any CPU
		{534A5861-307C-40C1-BCA2-9F2398EFE338}.Release|iPhone.Build.0 = Release|Any CPU
		{534A5861-307C-40C1-BCA2-9F2398EFE338}.Release|iPhoneSimulator.ActiveCfg = Release|Any CPU
		{534A5861-307C-40C1-BCA2-9F2398EFE338}.Release|iPhoneSimulator.Build.0 = Release|Any CPU
		{ECA36C3C-DF27-4EF5-BBCA-8B7A7E7A65BF}.Debug|Any CPU.ActiveCfg = Debug|Any CPU
		{ECA36C3C-DF27-4EF5-BBCA-8B7A7E7A65BF}.Debug|Any CPU.Build.0 = Debug|Any CPU
		{ECA36C3C-DF27-4EF5-BBCA-8B7A7E7A65BF}.Debug|iPhone.ActiveCfg = Debug|Any CPU
		{ECA36C3C-DF27-4EF5-BBCA-8B7A7E7A65BF}.Debug|iPhone.Build.0 = Debug|Any CPU
		{ECA36C3C-DF27-4EF5-BBCA-8B7A7E7A65BF}.Debug|iPhoneSimulator.ActiveCfg = Debug|Any CPU
		{ECA36C3C-DF27-4EF5-BBCA-8B7A7E7A65BF}.Debug|iPhoneSimulator.Build.0 = Debug|Any CPU
		{ECA36C3C-DF27-4EF5-BBCA-8B7A7E7A65BF}.Release|Any CPU.ActiveCfg = Release|Any CPU
		{ECA36C3C-DF27-4EF5-BBCA-8B7A7E7A65BF}.Release|Any CPU.Build.0 = Release|Any CPU
		{ECA36C3C-DF27-4EF5-BBCA-8B7A7E7A65BF}.Release|iPhone.ActiveCfg = Release|Any CPU
		{ECA36C3C-DF27-4EF5-BBCA-8B7A7E7A65BF}.Release|iPhone.Build.0 = Release|Any CPU
		{ECA36C3C-DF27-4EF5-BBCA-8B7A7E7A65BF}.Release|iPhoneSimulator.ActiveCfg = Release|Any CPU
		{ECA36C3C-DF27-4EF5-BBCA-8B7A7E7A65BF}.Release|iPhoneSimulator.Build.0 = Release|Any CPU
	EndGlobalSection
	GlobalSection(SolutionProperties) = preSolution
		HideSolutionNode = FALSE
	EndGlobalSection
	GlobalSection(ExtensibilityGlobals) = postSolution
		SolutionGuid = {671654A3-0C29-48CB-A462-14D1DA64095D}
	EndGlobalSection
EndGlobal
