
Microsoft Visual Studio Solution File, Format Version 12.00
# Visual Studio 2012
Project("{FAE04EC0-301F-11D3-BF4B-00C04F79EFBC}") = "BossMandados", "BossMandados\BossMandados.csproj", "{3E61BE58-3C4A-4F5F-98E3-23990CEB4419}"
EndProject
Project("{FAE04EC0-301F-11D3-BF4B-00C04F79EFBC}") = "BossMandados.iOS", "iOS\BossMandados.iOS.csproj", "{5CFA5759-2590-4192-9B34-F34C53EDC632}"
EndProject
Project("{FAE04EC0-301F-11D3-BF4B-00C04F79EFBC}") = "BossMandados.Droid", "Droid\BossMandados.Droid.csproj", "{C0F9050C-5547-4715-A15B-4A92151C1265}"
EndProject
Project("{FAE04EC0-301F-11D3-BF4B-00C04F79EFBC}") = "CoreLogic", "CoreLogic\CoreLogic.csproj", "{F256573E-159F-487F-9A85-6CA1F99C242D}"
EndProject
Project("{FAE04EC0-301F-11D3-BF4B-00C04F79EFBC}") = "Common", "Common\Common.csproj", "{7559AEC7-6414-4C0E-B79A-EBED6B5977E4}"
EndProject
Project("{FAE04EC0-301F-11D3-BF4B-00C04F79EFBC}") = "DataAccess", "DataAccess\DataAccess.csproj", "{C72A964A-A696-4974-B259-A9F6F4579703}"
EndProject
Global
	GlobalSection(SolutionConfigurationPlatforms) = preSolution
		Debug|Any CPU = Debug|Any CPU
		Release|Any CPU = Release|Any CPU
		Debug|iPhoneSimulator = Debug|iPhoneSimulator
		Release|iPhone = Release|iPhone
		Release|iPhoneSimulator = Release|iPhoneSimulator
		Debug|iPhone = Debug|iPhone
	EndGlobalSection
	GlobalSection(ProjectConfigurationPlatforms) = postSolution
		{3E61BE58-3C4A-4F5F-98E3-23990CEB4419}.Debug|Any CPU.ActiveCfg = Debug|Any CPU
		{3E61BE58-3C4A-4F5F-98E3-23990CEB4419}.Debug|Any CPU.Build.0 = Debug|Any CPU
		{3E61BE58-3C4A-4F5F-98E3-23990CEB4419}.Release|Any CPU.ActiveCfg = Release|Any CPU
		{3E61BE58-3C4A-4F5F-98E3-23990CEB4419}.Release|Any CPU.Build.0 = Release|Any CPU
		{3E61BE58-3C4A-4F5F-98E3-23990CEB4419}.Debug|iPhoneSimulator.ActiveCfg = Debug|Any CPU
		{3E61BE58-3C4A-4F5F-98E3-23990CEB4419}.Debug|iPhoneSimulator.Build.0 = Debug|Any CPU
		{3E61BE58-3C4A-4F5F-98E3-23990CEB4419}.Release|iPhone.ActiveCfg = Release|Any CPU
		{3E61BE58-3C4A-4F5F-98E3-23990CEB4419}.Release|iPhone.Build.0 = Release|Any CPU
		{3E61BE58-3C4A-4F5F-98E3-23990CEB4419}.Release|iPhoneSimulator.ActiveCfg = Release|Any CPU
		{3E61BE58-3C4A-4F5F-98E3-23990CEB4419}.Release|iPhoneSimulator.Build.0 = Release|Any CPU
		{3E61BE58-3C4A-4F5F-98E3-23990CEB4419}.Debug|iPhone.ActiveCfg = Debug|Any CPU
		{3E61BE58-3C4A-4F5F-98E3-23990CEB4419}.Debug|iPhone.Build.0 = Debug|Any CPU
		{5CFA5759-2590-4192-9B34-F34C53EDC632}.Debug|Any CPU.ActiveCfg = Debug|iPhoneSimulator
		{5CFA5759-2590-4192-9B34-F34C53EDC632}.Debug|Any CPU.Build.0 = Debug|iPhoneSimulator
		{5CFA5759-2590-4192-9B34-F34C53EDC632}.Release|Any CPU.ActiveCfg = Release|iPhone
		{5CFA5759-2590-4192-9B34-F34C53EDC632}.Release|Any CPU.Build.0 = Release|iPhone
		{5CFA5759-2590-4192-9B34-F34C53EDC632}.Debug|iPhoneSimulator.ActiveCfg = Debug|iPhoneSimulator
		{5CFA5759-2590-4192-9B34-F34C53EDC632}.Debug|iPhoneSimulator.Build.0 = Debug|iPhoneSimulator
		{5CFA5759-2590-4192-9B34-F34C53EDC632}.Release|iPhone.ActiveCfg = Release|iPhone
		{5CFA5759-2590-4192-9B34-F34C53EDC632}.Release|iPhone.Build.0 = Release|iPhone
		{5CFA5759-2590-4192-9B34-F34C53EDC632}.Release|iPhoneSimulator.ActiveCfg = Release|iPhoneSimulator
		{5CFA5759-2590-4192-9B34-F34C53EDC632}.Release|iPhoneSimulator.Build.0 = Release|iPhoneSimulator
		{5CFA5759-2590-4192-9B34-F34C53EDC632}.Debug|iPhone.ActiveCfg = Debug|iPhone
		{5CFA5759-2590-4192-9B34-F34C53EDC632}.Debug|iPhone.Build.0 = Debug|iPhone
		{C0F9050C-5547-4715-A15B-4A92151C1265}.Debug|Any CPU.ActiveCfg = Debug|Any CPU
		{C0F9050C-5547-4715-A15B-4A92151C1265}.Debug|Any CPU.Build.0 = Debug|Any CPU
		{C0F9050C-5547-4715-A15B-4A92151C1265}.Release|Any CPU.ActiveCfg = Release|Any CPU
		{C0F9050C-5547-4715-A15B-4A92151C1265}.Release|Any CPU.Build.0 = Release|Any CPU
		{C0F9050C-5547-4715-A15B-4A92151C1265}.Debug|iPhoneSimulator.ActiveCfg = Debug|Any CPU
		{C0F9050C-5547-4715-A15B-4A92151C1265}.Debug|iPhoneSimulator.Build.0 = Debug|Any CPU
		{C0F9050C-5547-4715-A15B-4A92151C1265}.Release|iPhone.ActiveCfg = Release|Any CPU
		{C0F9050C-5547-4715-A15B-4A92151C1265}.Release|iPhone.Build.0 = Release|Any CPU
		{C0F9050C-5547-4715-A15B-4A92151C1265}.Release|iPhoneSimulator.ActiveCfg = Release|Any CPU
		{C0F9050C-5547-4715-A15B-4A92151C1265}.Release|iPhoneSimulator.Build.0 = Release|Any CPU
		{C0F9050C-5547-4715-A15B-4A92151C1265}.Debug|iPhone.ActiveCfg = Debug|Any CPU
		{C0F9050C-5547-4715-A15B-4A92151C1265}.Debug|iPhone.Build.0 = Debug|Any CPU
		{F256573E-159F-487F-9A85-6CA1F99C242D}.Debug|Any CPU.ActiveCfg = Debug|Any CPU
		{F256573E-159F-487F-9A85-6CA1F99C242D}.Debug|Any CPU.Build.0 = Debug|Any CPU
		{F256573E-159F-487F-9A85-6CA1F99C242D}.Release|Any CPU.ActiveCfg = Release|Any CPU
		{F256573E-159F-487F-9A85-6CA1F99C242D}.Release|Any CPU.Build.0 = Release|Any CPU
		{F256573E-159F-487F-9A85-6CA1F99C242D}.Debug|iPhoneSimulator.ActiveCfg = Debug|Any CPU
		{F256573E-159F-487F-9A85-6CA1F99C242D}.Debug|iPhoneSimulator.Build.0 = Debug|Any CPU
		{F256573E-159F-487F-9A85-6CA1F99C242D}.Release|iPhone.ActiveCfg = Release|Any CPU
		{F256573E-159F-487F-9A85-6CA1F99C242D}.Release|iPhone.Build.0 = Release|Any CPU
		{F256573E-159F-487F-9A85-6CA1F99C242D}.Release|iPhoneSimulator.ActiveCfg = Release|Any CPU
		{F256573E-159F-487F-9A85-6CA1F99C242D}.Release|iPhoneSimulator.Build.0 = Release|Any CPU
		{F256573E-159F-487F-9A85-6CA1F99C242D}.Debug|iPhone.ActiveCfg = Debug|Any CPU
		{F256573E-159F-487F-9A85-6CA1F99C242D}.Debug|iPhone.Build.0 = Debug|Any CPU
		{7559AEC7-6414-4C0E-B79A-EBED6B5977E4}.Debug|Any CPU.ActiveCfg = Debug|Any CPU
		{7559AEC7-6414-4C0E-B79A-EBED6B5977E4}.Debug|Any CPU.Build.0 = Debug|Any CPU
		{7559AEC7-6414-4C0E-B79A-EBED6B5977E4}.Release|Any CPU.ActiveCfg = Release|Any CPU
		{7559AEC7-6414-4C0E-B79A-EBED6B5977E4}.Release|Any CPU.Build.0 = Release|Any CPU
		{7559AEC7-6414-4C0E-B79A-EBED6B5977E4}.Debug|iPhoneSimulator.ActiveCfg = Debug|Any CPU
		{7559AEC7-6414-4C0E-B79A-EBED6B5977E4}.Debug|iPhoneSimulator.Build.0 = Debug|Any CPU
		{7559AEC7-6414-4C0E-B79A-EBED6B5977E4}.Release|iPhone.ActiveCfg = Release|Any CPU
		{7559AEC7-6414-4C0E-B79A-EBED6B5977E4}.Release|iPhone.Build.0 = Release|Any CPU
		{7559AEC7-6414-4C0E-B79A-EBED6B5977E4}.Release|iPhoneSimulator.ActiveCfg = Release|Any CPU
		{7559AEC7-6414-4C0E-B79A-EBED6B5977E4}.Release|iPhoneSimulator.Build.0 = Release|Any CPU
		{7559AEC7-6414-4C0E-B79A-EBED6B5977E4}.Debug|iPhone.ActiveCfg = Debug|Any CPU
		{7559AEC7-6414-4C0E-B79A-EBED6B5977E4}.Debug|iPhone.Build.0 = Debug|Any CPU
		{C72A964A-A696-4974-B259-A9F6F4579703}.Debug|Any CPU.ActiveCfg = Debug|Any CPU
		{C72A964A-A696-4974-B259-A9F6F4579703}.Debug|Any CPU.Build.0 = Debug|Any CPU
		{C72A964A-A696-4974-B259-A9F6F4579703}.Release|Any CPU.ActiveCfg = Release|Any CPU
		{C72A964A-A696-4974-B259-A9F6F4579703}.Release|Any CPU.Build.0 = Release|Any CPU
		{C72A964A-A696-4974-B259-A9F6F4579703}.Debug|iPhoneSimulator.ActiveCfg = Debug|Any CPU
		{C72A964A-A696-4974-B259-A9F6F4579703}.Debug|iPhoneSimulator.Build.0 = Debug|Any CPU
		{C72A964A-A696-4974-B259-A9F6F4579703}.Release|iPhone.ActiveCfg = Release|Any CPU
		{C72A964A-A696-4974-B259-A9F6F4579703}.Release|iPhone.Build.0 = Release|Any CPU
		{C72A964A-A696-4974-B259-A9F6F4579703}.Release|iPhoneSimulator.ActiveCfg = Release|Any CPU
		{C72A964A-A696-4974-B259-A9F6F4579703}.Release|iPhoneSimulator.Build.0 = Release|Any CPU
		{C72A964A-A696-4974-B259-A9F6F4579703}.Debug|iPhone.ActiveCfg = Debug|Any CPU
		{C72A964A-A696-4974-B259-A9F6F4579703}.Debug|iPhone.Build.0 = Debug|Any CPU
	EndGlobalSection
EndGlobal
